
Microsoft Visual Studio Solution File, Format Version 12.00
# Visual Studio Version 16
VisualStudioVersion = 16.0.32510.428
MinimumVisualStudioVersion = 10.0.40219.1
Project("{FAE04EC0-301F-11D3-BF4B-00C04F79EFBC}") = "GroupServer", "GroupServer.csproj", "{C80AE4DB-3670-43CE-9B32-488D8625160D}"
EndProject
Global
	GlobalSection(SolutionConfigurationPlatforms) = preSolution
		Debug|Any CPU = Debug|Any CPU
		Release|Any CPU = Release|Any CPU
	EndGlobalSection
	GlobalSection(ProjectConfigurationPlatforms) = postSolution
		{C80AE4DB-3670-43CE-9B32-488D8625160D}.Debug|Any CPU.ActiveCfg = Debug|Any CPU
		{C80AE4DB-3670-43CE-9B32-488D8625160D}.Debug|Any CPU.Build.0 = Debug|Any CPU
		{C80AE4DB-3670-43CE-9B32-488D8625160D}.Release|Any CPU.ActiveCfg = Release|Any CPU
		{C80AE4DB-3670-43CE-9B32-488D8625160D}.Release|Any CPU.Build.0 = Release|Any CPU
	EndGlobalSection
	GlobalSection(SolutionProperties) = preSolution
		HideSolutionNode = FALSE
	EndGlobalSection
	GlobalSection(ExtensibilityGlobals) = postSolution
		SolutionGuid = {769E6654-08FF-485E-9128-8013F88588F8}
	EndGlobalSection
EndGlobal
